
Microsoft Visual Studio Solution File, Format Version 12.00
# Visual Studio 15
Project("{FAE04EC0-301F-11D3-BF4B-00C04F79EFBC}") = "Assembly-CSharp", "Assembly-CSharp.csproj", "{7D027159-95DA-4DE0-4E79-EECC7FAB4922}"
EndProject
Project("{FAE04EC0-301F-11D3-BF4B-00C04F79EFBC}") = "Assembly-CSharp-Editor", "Assembly-CSharp-Editor.csproj", "{9213A550-5C0B-249E-9633-9BE686C7C9F4}"
EndProject
Global
	GlobalSection(SolutionConfigurationPlatforms) = preSolution
		Debug|Any CPU = Debug|Any CPU
		Release|Any CPU = Release|Any CPU
	EndGlobalSection
	GlobalSection(ProjectConfigurationPlatforms) = postSolution
		{7D027159-95DA-4DE0-4E79-EECC7FAB4922}.Debug|Any CPU.ActiveCfg = Debug|Any CPU
		{7D027159-95DA-4DE0-4E79-EECC7FAB4922}.Debug|Any CPU.Build.0 = Debug|Any CPU
		{7D027159-95DA-4DE0-4E79-EECC7FAB4922}.Release|Any CPU.ActiveCfg = Release|Any CPU
		{7D027159-95DA-4DE0-4E79-EECC7FAB4922}.Release|Any CPU.Build.0 = Release|Any CPU
		{9213A550-5C0B-249E-9633-9BE686C7C9F4}.Debug|Any CPU.ActiveCfg = Debug|Any CPU
		{9213A550-5C0B-249E-9633-9BE686C7C9F4}.Debug|Any CPU.Build.0 = Debug|Any CPU
		{9213A550-5C0B-249E-9633-9BE686C7C9F4}.Release|Any CPU.ActiveCfg = Release|Any CPU
		{9213A550-5C0B-249E-9633-9BE686C7C9F4}.Release|Any CPU.Build.0 = Release|Any CPU
	EndGlobalSection
	GlobalSection(SolutionProperties) = preSolution
		HideSolutionNode = FALSE
	EndGlobalSection
EndGlobal
